// !$*UTF8*$!
{
	archiveVersion = 1;
	classes = {
	};
	objectVersion = 46;
	objects = {

/* Begin PBXBuildFile section */
		49106B0E1F6D07DE0023C517 /* StartViewController.swift in Sources */ = {isa = PBXBuildFile; fileRef = 49106B0C1F6D07DE0023C517 /* StartViewController.swift */; };
		49106B0F1F6D07DE0023C517 /* StartViewController.xib in Resources */ = {isa = PBXBuildFile; fileRef = 49106B0D1F6D07DE0023C517 /* StartViewController.xib */; };
		49106B151F6D0E6D0023C517 /* RSSModel.swift in Sources */ = {isa = PBXBuildFile; fileRef = 49106B141F6D0E6D0023C517 /* RSSModel.swift */; };
		4933ED7A1F7661BF00A64557 /* NavigateController.swift in Sources */ = {isa = PBXBuildFile; fileRef = 4933ED791F7661BF00A64557 /* NavigateController.swift */; };
		49357147202ED56B008AED12 /* TableView.swift in Sources */ = {isa = PBXBuildFile; fileRef = 49357146202ED56B008AED12 /* TableView.swift */; };
		493D87D71F7592A7000A11DA /* NewsRecord.swift in Sources */ = {isa = PBXBuildFile; fileRef = 493D87D61F7592A7000A11DA /* NewsRecord.swift */; };
		494EFFBA1F7AE55000132F0D /* NewsSerializer.swift in Sources */ = {isa = PBXBuildFile; fileRef = 494EFFB91F7AE55000132F0D /* NewsSerializer.swift */; };
		496B41301F69C50B00FA8246 /* AppDelegate.swift in Sources */ = {isa = PBXBuildFile; fileRef = 496B412F1F69C50B00FA8246 /* AppDelegate.swift */; };
		496B41321F69C50B00FA8246 /* TableViewController.swift in Sources */ = {isa = PBXBuildFile; fileRef = 496B41311F69C50B00FA8246 /* TableViewController.swift */; };
		496B41351F69C50B00FA8246 /* Main.storyboard in Resources */ = {isa = PBXBuildFile; fileRef = 496B41331F69C50B00FA8246 /* Main.storyboard */; };
		496B41371F69C50B00FA8246 /* Assets.xcassets in Resources */ = {isa = PBXBuildFile; fileRef = 496B41361F69C50B00FA8246 /* Assets.xcassets */; };
		496B413A1F69C50B00FA8246 /* LaunchScreen.storyboard in Resources */ = {isa = PBXBuildFile; fileRef = 496B41381F69C50B00FA8246 /* LaunchScreen.storyboard */; };
		499A94FF2030D3F300423354 /* TableViewData.swift in Sources */ = {isa = PBXBuildFile; fileRef = 499A94FE2030D3F300423354 /* TableViewData.swift */; };
		49E5EE7B1F767A9000CF92EF /* TableViewCell.swift in Sources */ = {isa = PBXBuildFile; fileRef = 49E5EE7A1F767A9000CF92EF /* TableViewCell.swift */; };
		49FAE4931F78315D005015B2 /* DetailViewController.swift in Sources */ = {isa = PBXBuildFile; fileRef = 49FAE4921F78315D005015B2 /* DetailViewController.swift */; };
		B761F33B9286A4B29E7CA028 /* Pods_RRSReader.framework in Frameworks */ = {isa = PBXBuildFile; fileRef = C484E26FEA0B526D53B6CC54 /* Pods_RRSReader.framework */; settings = {ATTRIBUTES = (Required, ); }; };
/* End PBXBuildFile section */

/* Begin PBXFileReference section */
		2F772E8ECB06D03D7FF721BE /* Pods-RRSReader.debug.xcconfig */ = {isa = PBXFileReference; includeInIndex = 1; lastKnownFileType = text.xcconfig; name = "Pods-RRSReader.debug.xcconfig"; path = "Pods/Target Support Files/Pods-RRSReader/Pods-RRSReader.debug.xcconfig"; sourceTree = "<group>"; };
		49106B0C1F6D07DE0023C517 /* StartViewController.swift */ = {isa = PBXFileReference; fileEncoding = 4; lastKnownFileType = sourcecode.swift; name = StartViewController.swift; path = StartViewController/StartViewController.swift; sourceTree = "<group>"; };
		49106B0D1F6D07DE0023C517 /* StartViewController.xib */ = {isa = PBXFileReference; fileEncoding = 4; lastKnownFileType = file.xib; name = StartViewController.xib; path = StartViewController/StartViewController.xib; sourceTree = "<group>"; };
		49106B141F6D0E6D0023C517 /* RSSModel.swift */ = {isa = PBXFileReference; fileEncoding = 4; lastKnownFileType = sourcecode.swift; path = RSSModel.swift; sourceTree = "<group>"; };
		4933ED791F7661BF00A64557 /* NavigateController.swift */ = {isa = PBXFileReference; fileEncoding = 4; lastKnownFileType = sourcecode.swift; path = NavigateController.swift; sourceTree = "<group>"; };
		49357146202ED56B008AED12 /* TableView.swift */ = {isa = PBXFileReference; lastKnownFileType = sourcecode.swift; path = TableView.swift; sourceTree = "<group>"; };
		493D87D61F7592A7000A11DA /* NewsRecord.swift */ = {isa = PBXFileReference; fileEncoding = 4; lastKnownFileType = sourcecode.swift; path = NewsRecord.swift; sourceTree = "<group>"; };
		494EFFB91F7AE55000132F0D /* NewsSerializer.swift */ = {isa = PBXFileReference; fileEncoding = 4; lastKnownFileType = sourcecode.swift; path = NewsSerializer.swift; sourceTree = "<group>"; };
		496B412C1F69C50B00FA8246 /* RRSReader.app */ = {isa = PBXFileReference; explicitFileType = wrapper.application; includeInIndex = 0; path = RRSReader.app; sourceTree = BUILT_PRODUCTS_DIR; };
		496B412F1F69C50B00FA8246 /* AppDelegate.swift */ = {isa = PBXFileReference; lastKnownFileType = sourcecode.swift; path = AppDelegate.swift; sourceTree = "<group>"; };
		496B41311F69C50B00FA8246 /* TableViewController.swift */ = {isa = PBXFileReference; lastKnownFileType = sourcecode.swift; path = TableViewController.swift; sourceTree = "<group>"; };
		496B41341F69C50B00FA8246 /* Base */ = {isa = PBXFileReference; lastKnownFileType = file.storyboard; name = Base; path = Base.lproj/Main.storyboard; sourceTree = "<group>"; };
		496B41361F69C50B00FA8246 /* Assets.xcassets */ = {isa = PBXFileReference; lastKnownFileType = folder.assetcatalog; path = Assets.xcassets; sourceTree = "<group>"; };
		496B41391F69C50B00FA8246 /* Base */ = {isa = PBXFileReference; lastKnownFileType = file.storyboard; name = Base; path = Base.lproj/LaunchScreen.storyboard; sourceTree = "<group>"; };
		496B413B1F69C50B00FA8246 /* Info.plist */ = {isa = PBXFileReference; lastKnownFileType = text.plist.xml; path = Info.plist; sourceTree = "<group>"; };
		499A94FE2030D3F300423354 /* TableViewData.swift */ = {isa = PBXFileReference; lastKnownFileType = sourcecode.swift; path = TableViewData.swift; sourceTree = "<group>"; };
		49E5EE7A1F767A9000CF92EF /* TableViewCell.swift */ = {isa = PBXFileReference; fileEncoding = 4; lastKnownFileType = sourcecode.swift; path = TableViewCell.swift; sourceTree = "<group>"; };
		49FAE4921F78315D005015B2 /* DetailViewController.swift */ = {isa = PBXFileReference; fileEncoding = 4; lastKnownFileType = sourcecode.swift; path = DetailViewController.swift; sourceTree = "<group>"; };
		C484E26FEA0B526D53B6CC54 /* Pods_RRSReader.framework */ = {isa = PBXFileReference; explicitFileType = wrapper.framework; includeInIndex = 0; path = Pods_RRSReader.framework; sourceTree = BUILT_PRODUCTS_DIR; };
		CF6D67FA7E001EE43259684E /* Pods-RRSReader.release.xcconfig */ = {isa = PBXFileReference; includeInIndex = 1; lastKnownFileType = text.xcconfig; name = "Pods-RRSReader.release.xcconfig"; path = "Pods/Target Support Files/Pods-RRSReader/Pods-RRSReader.release.xcconfig"; sourceTree = "<group>"; };
/* End PBXFileReference section */

/* Begin PBXFrameworksBuildPhase section */
		496B41291F69C50A00FA8246 /* Frameworks */ = {
			isa = PBXFrameworksBuildPhase;
			buildActionMask = 2147483647;
			files = (
				B761F33B9286A4B29E7CA028 /* Pods_RRSReader.framework in Frameworks */,
			);
			runOnlyForDeploymentPostprocessing = 0;
		};
/* End PBXFrameworksBuildPhase section */

/* Begin PBXGroup section */
		1094C27C4490ED732BA2B340 /* Frameworks */ = {
			isa = PBXGroup;
			children = (
				C484E26FEA0B526D53B6CC54 /* Pods_RRSReader.framework */,
			);
			name = Frameworks;
			sourceTree = "<group>";
		};
		496B41231F69C50A00FA8246 = {
			isa = PBXGroup;
			children = (
				496B412E1F69C50B00FA8246 /* RSSReader */,
				496B412D1F69C50B00FA8246 /* Products */,
				F9B3E8FA56671D86C70C95B5 /* Pods */,
				1094C27C4490ED732BA2B340 /* Frameworks */,
			);
			sourceTree = "<group>";
		};
		496B412D1F69C50B00FA8246 /* Products */ = {
			isa = PBXGroup;
			children = (
				496B412C1F69C50B00FA8246 /* RRSReader.app */,
			);
			name = Products;
			sourceTree = "<group>";
		};
		496B412E1F69C50B00FA8246 /* RSSReader */ = {
			isa = PBXGroup;
			children = (
				498283BD1F7995C60079E79A /* Contollers */,
				498283BE1F79972B0079E79A /* Views */,
				498283BF1F7997BA0079E79A /* Model */,
				496B412F1F69C50B00FA8246 /* AppDelegate.swift */,
				496B41361F69C50B00FA8246 /* Assets.xcassets */,
				496B41381F69C50B00FA8246 /* LaunchScreen.storyboard */,
				496B413B1F69C50B00FA8246 /* Info.plist */,
			);
			name = RSSReader;
			path = RRSReader;
			sourceTree = "<group>";
		};
		498283BD1F7995C60079E79A /* Contollers */ = {
			isa = PBXGroup;
			children = (
				4933ED791F7661BF00A64557 /* NavigateController.swift */,
				49106B0C1F6D07DE0023C517 /* StartViewController.swift */,
				49106B0D1F6D07DE0023C517 /* StartViewController.xib */,
				496B41311F69C50B00FA8246 /* TableViewController.swift */,
				49FAE4921F78315D005015B2 /* DetailViewController.swift */,
				496B41331F69C50B00FA8246 /* Main.storyboard */,
				499A94FE2030D3F300423354 /* TableViewData.swift */,
			);
			name = Contollers;
			sourceTree = "<group>";
		};
		498283BE1F79972B0079E79A /* Views */ = {
			isa = PBXGroup;
			children = (
				49E5EE7A1F767A9000CF92EF /* TableViewCell.swift */,
				49357146202ED56B008AED12 /* TableView.swift */,
			);
			name = Views;
			sourceTree = "<group>";
		};
		498283BF1F7997BA0079E79A /* Model */ = {
			isa = PBXGroup;
			children = (
				49106B141F6D0E6D0023C517 /* RSSModel.swift */,
				493D87D61F7592A7000A11DA /* NewsRecord.swift */,
				494EFFB91F7AE55000132F0D /* NewsSerializer.swift */,
			);
			name = Model;
			sourceTree = "<group>";
		};
		F9B3E8FA56671D86C70C95B5 /* Pods */ = {
			isa = PBXGroup;
			children = (
				2F772E8ECB06D03D7FF721BE /* Pods-RRSReader.debug.xcconfig */,
				CF6D67FA7E001EE43259684E /* Pods-RRSReader.release.xcconfig */,
			);
			name = Pods;
			sourceTree = "<group>";
		};
/* End PBXGroup section */

/* Begin PBXNativeTarget section */
		496B412B1F69C50A00FA8246 /* RRSReader */ = {
			isa = PBXNativeTarget;
			buildConfigurationList = 496B413E1F69C50B00FA8246 /* Build configuration list for PBXNativeTarget "RRSReader" */;
			buildPhases = (
				C3CF1F543A12C1FB03D33CC4 /* [CP] Check Pods Manifest.lock */,
				496B41281F69C50A00FA8246 /* Sources */,
				496B41291F69C50A00FA8246 /* Frameworks */,
				496B412A1F69C50A00FA8246 /* Resources */,
				8FC22C573D2E816F2700844A /* [CP] Embed Pods Frameworks */,
				D7954B10E48D8D646508247B /* [CP] Copy Pods Resources */,
			);
			buildRules = (
			);
			dependencies = (
			);
			name = RRSReader;
			productName = RRSReader;
			productReference = 496B412C1F69C50B00FA8246 /* RRSReader.app */;
			productType = "com.apple.product-type.application";
		};
/* End PBXNativeTarget section */

/* Begin PBXProject section */
		496B41241F69C50A00FA8246 /* Project object */ = {
			isa = PBXProject;
			attributes = {
				LastSwiftUpdateCheck = 0800;
				LastUpgradeCheck = 0910;
				ORGANIZATIONNAME = "Сергей Швакель";
				TargetAttributes = {
					496B412B1F69C50A00FA8246 = {
						CreatedOnToolsVersion = 8.0;
						LastSwiftMigration = 0910;
						ProvisioningStyle = Automatic;
					};
				};
			};
			buildConfigurationList = 496B41271F69C50A00FA8246 /* Build configuration list for PBXProject "RRSReader" */;
			compatibilityVersion = "Xcode 3.2";
			developmentRegion = English;
			hasScannedForEncodings = 0;
			knownRegions = (
				en,
				Base,
			);
			mainGroup = 496B41231F69C50A00FA8246;
			productRefGroup = 496B412D1F69C50B00FA8246 /* Products */;
			projectDirPath = "";
			projectRoot = "";
			targets = (
				496B412B1F69C50A00FA8246 /* RRSReader */,
			);
		};
/* End PBXProject section */

/* Begin PBXResourcesBuildPhase section */
		496B412A1F69C50A00FA8246 /* Resources */ = {
			isa = PBXResourcesBuildPhase;
			buildActionMask = 2147483647;
			files = (
				496B413A1F69C50B00FA8246 /* LaunchScreen.storyboard in Resources */,
				496B41371F69C50B00FA8246 /* Assets.xcassets in Resources */,
				496B41351F69C50B00FA8246 /* Main.storyboard in Resources */,
				49106B0F1F6D07DE0023C517 /* StartViewController.xib in Resources */,
			);
			runOnlyForDeploymentPostprocessing = 0;
		};
/* End PBXResourcesBuildPhase section */

/* Begin PBXShellScriptBuildPhase section */
		8FC22C573D2E816F2700844A /* [CP] Embed Pods Frameworks */ = {
			isa = PBXShellScriptBuildPhase;
			buildActionMask = 2147483647;
			files = (
			);
			inputPaths = (
				"${SRCROOT}/Pods/Target Support Files/Pods-RRSReader/Pods-RRSReader-frameworks.sh",
				"${BUILT_PRODUCTS_DIR}/Alamofire/Alamofire.framework",
				"${BUILT_PRODUCTS_DIR}/Realm/Realm.framework",
				"${BUILT_PRODUCTS_DIR}/RealmSwift/RealmSwift.framework",
				"${BUILT_PRODUCTS_DIR}/SWXMLHash/SWXMLHash.framework",
			);
			name = "[CP] Embed Pods Frameworks";
			outputPaths = (
				"${TARGET_BUILD_DIR}/${FRAMEWORKS_FOLDER_PATH}/Alamofire.framework",
				"${TARGET_BUILD_DIR}/${FRAMEWORKS_FOLDER_PATH}/Realm.framework",
				"${TARGET_BUILD_DIR}/${FRAMEWORKS_FOLDER_PATH}/RealmSwift.framework",
				"${TARGET_BUILD_DIR}/${FRAMEWORKS_FOLDER_PATH}/SWXMLHash.framework",
			);
			runOnlyForDeploymentPostprocessing = 0;
			shellPath = /bin/sh;
			shellScript = "\"${SRCROOT}/Pods/Target Support Files/Pods-RRSReader/Pods-RRSReader-frameworks.sh\"\n";
			showEnvVarsInLog = 0;
		};
		C3CF1F543A12C1FB03D33CC4 /* [CP] Check Pods Manifest.lock */ = {
			isa = PBXShellScriptBuildPhase;
			buildActionMask = 2147483647;
			files = (
			);
			inputPaths = (
				"${PODS_PODFILE_DIR_PATH}/Podfile.lock",
				"${PODS_ROOT}/Manifest.lock",
			);
			name = "[CP] Check Pods Manifest.lock";
			outputPaths = (
				"$(DERIVED_FILE_DIR)/Pods-RRSReader-checkManifestLockResult.txt",
			);
			runOnlyForDeploymentPostprocessing = 0;
			shellPath = /bin/sh;
			shellScript = "diff \"${PODS_PODFILE_DIR_PATH}/Podfile.lock\" \"${PODS_ROOT}/Manifest.lock\" > /dev/null\nif [ $? != 0 ] ; then\n    # print error to STDERR\n    echo \"error: The sandbox is not in sync with the Podfile.lock. Run 'pod install' or update your CocoaPods installation.\" >&2\n    exit 1\nfi\n# This output is used by Xcode 'outputs' to avoid re-running this script phase.\necho \"SUCCESS\" > \"${SCRIPT_OUTPUT_FILE_0}\"\n";
			showEnvVarsInLog = 0;
		};
		D7954B10E48D8D646508247B /* [CP] Copy Pods Resources */ = {
			isa = PBXShellScriptBuildPhase;
			buildActionMask = 2147483647;
			files = (
			);
			inputPaths = (
			);
			name = "[CP] Copy Pods Resources";
			outputPaths = (
			);
			runOnlyForDeploymentPostprocessing = 0;
			shellPath = /bin/sh;
			shellScript = "\"${SRCROOT}/Pods/Target Support Files/Pods-RRSReader/Pods-RRSReader-resources.sh\"\n";
			showEnvVarsInLog = 0;
		};
/* End PBXShellScriptBuildPhase section */

/* Begin PBXSourcesBuildPhase section */
		496B41281F69C50A00FA8246 /* Sources */ = {
			isa = PBXSourcesBuildPhase;
			buildActionMask = 2147483647;
			files = (
				4933ED7A1F7661BF00A64557 /* NavigateController.swift in Sources */,
				49357147202ED56B008AED12 /* TableView.swift in Sources */,
				49FAE4931F78315D005015B2 /* DetailViewController.swift in Sources */,
				493D87D71F7592A7000A11DA /* NewsRecord.swift in Sources */,
				496B41321F69C50B00FA8246 /* TableViewController.swift in Sources */,
				49E5EE7B1F767A9000CF92EF /* TableViewCell.swift in Sources */,
				49106B151F6D0E6D0023C517 /* RSSModel.swift in Sources */,
				494EFFBA1F7AE55000132F0D /* NewsSerializer.swift in Sources */,
				496B41301F69C50B00FA8246 /* AppDelegate.swift in Sources */,
				49106B0E1F6D07DE0023C517 /* StartViewController.swift in Sources */,
				499A94FF2030D3F300423354 /* TableViewData.swift in Sources */,
			);
			runOnlyForDeploymentPostprocessing = 0;
		};
/* End PBXSourcesBuildPhase section */

/* Begin PBXVariantGroup section */
		496B41331F69C50B00FA8246 /* Main.storyboard */ = {
			isa = PBXVariantGroup;
			children = (
				496B41341F69C50B00FA8246 /* Base */,
			);
			name = Main.storyboard;
			sourceTree = "<group>";
		};
		496B41381F69C50B00FA8246 /* LaunchScreen.storyboard */ = {
			isa = PBXVariantGroup;
			children = (
				496B41391F69C50B00FA8246 /* Base */,
			);
			name = LaunchScreen.storyboard;
			sourceTree = "<group>";
		};
/* End PBXVariantGroup section */

/* Begin XCBuildConfiguration section */
		496B413C1F69C50B00FA8246 /* Debug */ = {
			isa = XCBuildConfiguration;
			buildSettings = {
				ALWAYS_SEARCH_USER_PATHS = NO;
				CLANG_ANALYZER_NONNULL = YES;
				CLANG_CXX_LANGUAGE_STANDARD = "gnu++0x";
				CLANG_CXX_LIBRARY = "libc++";
				CLANG_ENABLE_MODULES = YES;
				CLANG_ENABLE_OBJC_ARC = YES;
				CLANG_WARN_BLOCK_CAPTURE_AUTORELEASING = YES;
				CLANG_WARN_BOOL_CONVERSION = YES;
				CLANG_WARN_COMMA = YES;
				CLANG_WARN_CONSTANT_CONVERSION = YES;
				CLANG_WARN_DIRECT_OBJC_ISA_USAGE = YES_ERROR;
				CLANG_WARN_DOCUMENTATION_COMMENTS = YES;
				CLANG_WARN_EMPTY_BODY = YES;
				CLANG_WARN_ENUM_CONVERSION = YES;
				CLANG_WARN_INFINITE_RECURSION = YES;
				CLANG_WARN_INT_CONVERSION = YES;
				CLANG_WARN_NON_LITERAL_NULL_CONVERSION = YES;
				CLANG_WARN_OBJC_LITERAL_CONVERSION = YES;
				CLANG_WARN_OBJC_ROOT_CLASS = YES_ERROR;
				CLANG_WARN_RANGE_LOOP_ANALYSIS = YES;
				CLANG_WARN_STRICT_PROTOTYPES = YES;
				CLANG_WARN_SUSPICIOUS_MOVE = YES;
				CLANG_WARN_SUSPICIOUS_MOVES = YES;
				CLANG_WARN_UNREACHABLE_CODE = YES;
				CLANG_WARN__DUPLICATE_METHOD_MATCH = YES;
				"CODE_SIGN_IDENTITY[sdk=iphoneos*]" = "iPhone Developer";
				COPY_PHASE_STRIP = NO;
				DEBUG_INFORMATION_FORMAT = dwarf;
				ENABLE_STRICT_OBJC_MSGSEND = YES;
				ENABLE_TESTABILITY = YES;
				GCC_C_LANGUAGE_STANDARD = gnu99;
				GCC_DYNAMIC_NO_PIC = NO;
				GCC_NO_COMMON_BLOCKS = YES;
				GCC_OPTIMIZATION_LEVEL = 0;
				GCC_PREPROCESSOR_DEFINITIONS = (
					"DEBUG=1",
					"$(inherited)",
				);
				GCC_WARN_64_TO_32_BIT_CONVERSION = YES;
				GCC_WARN_ABOUT_RETURN_TYPE = YES_ERROR;
				GCC_WARN_UNDECLARED_SELECTOR = YES;
				GCC_WARN_UNINITIALIZED_AUTOS = YES_AGGRESSIVE;
				GCC_WARN_UNUSED_FUNCTION = YES;
				GCC_WARN_UNUSED_VARIABLE = YES;
				IPHONEOS_DEPLOYMENT_TARGET = 10.0;
				MTL_ENABLE_DEBUG_INFO = YES;
				ONLY_ACTIVE_ARCH = YES;
				SDKROOT = iphoneos;
				SWIFT_ACTIVE_COMPILATION_CONDITIONS = DEBUG;
				SWIFT_OPTIMIZATION_LEVEL = "-Onone";
			};
			name = Debug;
		};
		496B413D1F69C50B00FA8246 /* Release */ = {
			isa = XCBuildConfiguration;
			buildSettings = {
				ALWAYS_SEARCH_USER_PATHS = NO;
				CLANG_ANALYZER_NONNULL = YES;
				CLANG_CXX_LANGUAGE_STANDARD = "gnu++0x";
				CLANG_CXX_LIBRARY = "libc++";
				CLANG_ENABLE_MODULES = YES;
				CLANG_ENABLE_OBJC_ARC = YES;
				CLANG_WARN_BLOCK_CAPTURE_AUTORELEASING = YES;
				CLANG_WARN_BOOL_CONVERSION = YES;
				CLANG_WARN_COMMA = YES;
				CLANG_WARN_CONSTANT_CONVERSION = YES;
				CLANG_WARN_DIRECT_OBJC_ISA_USAGE = YES_ERROR;
				CLANG_WARN_DOCUMENTATION_COMMENTS = YES;
				CLANG_WARN_EMPTY_BODY = YES;
				CLANG_WARN_ENUM_CONVERSION = YES;
				CLANG_WARN_INFINITE_RECURSION = YES;
				CLANG_WARN_INT_CONVERSION = YES;
				CLANG_WARN_NON_LITERAL_NULL_CONVERSION = YES;
				CLANG_WARN_OBJC_LITERAL_CONVERSION = YES;
				CLANG_WARN_OBJC_ROOT_CLASS = YES_ERROR;
				CLANG_WARN_RANGE_LOOP_ANALYSIS = YES;
				CLANG_WARN_STRICT_PROTOTYPES = YES;
				CLANG_WARN_SUSPICIOUS_MOVE = YES;
				CLANG_WARN_SUSPICIOUS_MOVES = YES;
				CLANG_WARN_UNREACHABLE_CODE = YES;
				CLANG_WARN__DUPLICATE_METHOD_MATCH = YES;
				"CODE_SIGN_IDENTITY[sdk=iphoneos*]" = "iPhone Developer";
				COPY_PHASE_STRIP = NO;
				DEBUG_INFORMATION_FORMAT = "dwarf-with-dsym";
				ENABLE_NS_ASSERTIONS = NO;
				ENABLE_STRICT_OBJC_MSGSEND = YES;
				GCC_C_LANGUAGE_STANDARD = gnu99;
				GCC_NO_COMMON_BLOCKS = YES;
				GCC_WARN_64_TO_32_BIT_CONVERSION = YES;
				GCC_WARN_ABOUT_RETURN_TYPE = YES_ERROR;
				GCC_WARN_UNDECLARED_SELECTOR = YES;
				GCC_WARN_UNINITIALIZED_AUTOS = YES_AGGRESSIVE;
				GCC_WARN_UNUSED_FUNCTION = YES;
				GCC_WARN_UNUSED_VARIABLE = YES;
				IPHONEOS_DEPLOYMENT_TARGET = 10.0;
				MTL_ENABLE_DEBUG_INFO = NO;
				SDKROOT = iphoneos;
				SWIFT_OPTIMIZATION_LEVEL = "-Owholemodule";
				VALIDATE_PRODUCT = YES;
			};
			name = Release;
		};
		496B413F1F69C50B00FA8246 /* Debug */ = {
			isa = XCBuildConfiguration;
			baseConfigurationReference = 2F772E8ECB06D03D7FF721BE /* Pods-RRSReader.debug.xcconfig */;
			buildSettings = {
				ASSETCATALOG_COMPILER_APPICON_NAME = AppIcon;
				INFOPLIST_FILE = RRSReader/Info.plist;
				LD_RUNPATH_SEARCH_PATHS = "$(inherited) @executable_path/Frameworks";
				PRODUCT_BUNDLE_IDENTIFIER = Sergei.E.Shvakel.RRSReader;
				PRODUCT_NAME = "$(TARGET_NAME)";
				SWIFT_SWIFT3_OBJC_INFERENCE = Default;
				SWIFT_VERSION = 4.0;
			};
			name = Debug;
		};
		496B41401F69C50B00FA8246 /* Release */ = {
			isa = XCBuildConfiguration;
			baseConfigurationReference = CF6D67FA7E001EE43259684E /* Pods-RRSReader.release.xcconfig */;
			buildSettings = {
				ASSETCATALOG_COMPILER_APPICON_NAME = AppIcon;
				INFOPLIST_FILE = RRSReader/Info.plist;
				LD_RUNPATH_SEARCH_PATHS = "$(inherited) @executable_path/Frameworks";
				PRODUCT_BUNDLE_IDENTIFIER = Sergei.E.Shvakel.RRSReader;
				PRODUCT_NAME = "$(TARGET_NAME)";
				SWIFT_SWIFT3_OBJC_INFERENCE = Default;
				SWIFT_VERSION = 4.0;
			};
			name = Release;
		};
/* End XCBuildConfiguration section */

/* Begin XCConfigurationList section */
		496B41271F69C50A00FA8246 /* Build configuration list for PBXProject "RRSReader" */ = {
			isa = XCConfigurationList;
			buildConfigurations = (
				496B413C1F69C50B00FA8246 /* Debug */,
				496B413D1F69C50B00FA8246 /* Release */,
			);
			defaultConfigurationIsVisible = 0;
			defaultConfigurationName = Debug;
		};
		496B413E1F69C50B00FA8246 /* Build configuration list for PBXNativeTarget "RRSReader" */ = {
			isa = XCConfigurationList;
			buildConfigurations = (
				496B413F1F69C50B00FA8246 /* Debug */,
				496B41401F69C50B00FA8246 /* Release */,
			);
			defaultConfigurationIsVisible = 0;
			defaultConfigurationName = Debug;
		};
/* End XCConfigurationList section */
	};
	rootObject = 496B41241F69C50A00FA8246 /* Project object */;
}
